{
  "name": "huo-art-js",
  "version": "0.1.0",
  "lockfileVersion": 3,
  "requires": true,
  "packages": {
    "": {
      "name": "huo-art-js",
      "version": "0.1.0",
      "license": "GPL-3.0",
      "dependencies": {
        "@jax-js/jax": "^0.1.10"
      },
      "devDependencies": {
        "typescript": "^6.0.2"
      }
    },
    "node_modules/@jax-js/jax": {
      "version": "0.1.10",
      "resolved": "https://registry.npmjs.org/@jax-js/jax/-/jax-0.1.10.tgz",
      "integrity": "sha512-7SZLB2ixEGlPIggjDLZ9JLXV+QIpdfLvQMD1FC7R9QHBIm6iYwG/0OT2CeCYdi8LJRNrJWnDo2fxVsTXULSWlA==",
      "license": "MIT",
      "engines": {
        "pnpm": ">=10.0.0"
      }
    },
    "node_modules/typescript": {
      "version": "6.0.2",
      "resolved": "https://registry.npmjs.org/typescript/-/typescript-6.0.2.tgz",
      "integrity": "sha512-bGdAIrZ0wiGDo5l8c++HWtbaNCWTS4UTv7RaTH/ThVIgjkveJt83m74bBHMJkuCbslY8ixgLBVZJIOiQlQTjfQ==",
      "dev": true,
      "license": "Apache-2.0",
      "bin": {
        "tsc": "bin/tsc",
        "tsserver": "bin/tsserver"
      },
      "engines": {
        "node": ">=14.17"
      }
    }
  }
}
